// !$*UTF8*$!
{
	archiveVersion = 1;
	classes = {
	};
	objectVersion = 50;
	objects = {

/* Begin PBXBuildFile section */
		F8610377247C6D5A00907724 /* AppDelegate.swift in Sources */ = {isa = PBXBuildFile; fileRef = F8610376247C6D5A00907724 /* AppDelegate.swift */; };
		F8610379247C6D5A00907724 /* SceneDelegate.swift in Sources */ = {isa = PBXBuildFile; fileRef = F8610378247C6D5A00907724 /* SceneDelegate.swift */; };
		F861037B247C6D5A00907724 /* TabBarController.swift in Sources */ = {isa = PBXBuildFile; fileRef = F861037A247C6D5A00907724 /* TabBarController.swift */; };
		F861037E247C6D5A00907724 /* Main.storyboard in Resources */ = {isa = PBXBuildFile; fileRef = F861037C247C6D5A00907724 /* Main.storyboard */; };
		F8610380247C6D5C00907724 /* Assets.xcassets in Resources */ = {isa = PBXBuildFile; fileRef = F861037F247C6D5C00907724 /* Assets.xcassets */; };
		F8610383247C6D5C00907724 /* LaunchScreen.storyboard in Resources */ = {isa = PBXBuildFile; fileRef = F8610381247C6D5C00907724 /* LaunchScreen.storyboard */; };
		F8E819EF247F276000410ED1 /* SelectTimezoneViewController.swift in Sources */ = {isa = PBXBuildFile; fileRef = F8E819EE247F276000410ED1 /* SelectTimezoneViewController.swift */; };
/* End PBXBuildFile section */

/* Begin PBXFileReference section */
		F8610373247C6D5A00907724 /* ios-clock.app */ = {isa = PBXFileReference; explicitFileType = wrapper.application; includeInIndex = 0; path = "ios-clock.app"; sourceTree = BUILT_PRODUCTS_DIR; };
		F8610376247C6D5A00907724 /* AppDelegate.swift */ = {isa = PBXFileReference; lastKnownFileType = sourcecode.swift; path = AppDelegate.swift; sourceTree = "<group>"; };
		F8610378247C6D5A00907724 /* SceneDelegate.swift */ = {isa = PBXFileReference; lastKnownFileType = sourcecode.swift; path = SceneDelegate.swift; sourceTree = "<group>"; };
		F861037A247C6D5A00907724 /* TabBarController.swift */ = {isa = PBXFileReference; lastKnownFileType = sourcecode.swift; path = TabBarController.swift; sourceTree = "<group>"; };
		F861037D247C6D5A00907724 /* Base */ = {isa = PBXFileReference; lastKnownFileType = file.storyboard; name = Base; path = Base.lproj/Main.storyboard; sourceTree = "<group>"; };
		F861037F247C6D5C00907724 /* Assets.xcassets */ = {isa = PBXFileReference; lastKnownFileType = folder.assetcatalog; path = Assets.xcassets; sourceTree = "<group>"; };
		F8610382247C6D5C00907724 /* Base */ = {isa = PBXFileReference; lastKnownFileType = file.storyboard; name = Base; path = Base.lproj/LaunchScreen.storyboard; sourceTree = "<group>"; };
		F8610384247C6D5C00907724 /* Info.plist */ = {isa = PBXFileReference; lastKnownFileType = text.plist.xml; path = Info.plist; sourceTree = "<group>"; };
		F8E819EE247F276000410ED1 /* SelectTimezoneViewController.swift */ = {isa = PBXFileReference; fileEncoding = 4; lastKnownFileType = sourcecode.swift; path = SelectTimezoneViewController.swift; sourceTree = "<group>"; };
/* End PBXFileReference section */

/* Begin PBXFrameworksBuildPhase section */
		F8610370247C6D5A00907724 /* Frameworks */ = {
			isa = PBXFrameworksBuildPhase;
			buildActionMask = 2147483647;
			files = (
			);
			runOnlyForDeploymentPostprocessing = 0;
		};
/* End PBXFrameworksBuildPhase section */

/* Begin PBXGroup section */
		F861036A247C6D5A00907724 = {
			isa = PBXGroup;
			children = (
				F8610375247C6D5A00907724 /* ios-clock */,
				F8610374247C6D5A00907724 /* Products */,
			);
			sourceTree = "<group>";
		};
		F8610374247C6D5A00907724 /* Products */ = {
			isa = PBXGroup;
			children = (
				F8610373247C6D5A00907724 /* ios-clock.app */,
			);
			name = Products;
			sourceTree = "<group>";
		};
		F8610375247C6D5A00907724 /* ios-clock */ = {
			isa = PBXGroup;
			children = (
				F8E819EE247F276000410ED1 /* SelectTimezoneViewController.swift */,
				F8610376247C6D5A00907724 /* AppDelegate.swift */,
				F8610378247C6D5A00907724 /* SceneDelegate.swift */,
				F861037A247C6D5A00907724 /* TabBarController.swift */,
				F861037C247C6D5A00907724 /* Main.storyboard */,
				F861037F247C6D5C00907724 /* Assets.xcassets */,
				F8610381247C6D5C00907724 /* LaunchScreen.storyboard */,
				F8610384247C6D5C00907724 /* Info.plist */,
			);
			path = "ios-clock";
			sourceTree = "<group>";
		};
/* End PBXGroup section */

/* Begin PBXNativeTarget section */
		F8610372247C6D5A00907724 /* ios-clock */ = {
			isa = PBXNativeTarget;
			buildConfigurationList = F8610387247C6D5C00907724 /* Build configuration list for PBXNativeTarget "ios-clock" */;
			buildPhases = (
				F861036F247C6D5A00907724 /* Sources */,
				F8610370247C6D5A00907724 /* Frameworks */,
				F8610371247C6D5A00907724 /* Resources */,
			);
			buildRules = (
			);
			dependencies = (
			);
			name = "ios-clock";
			productName = "ios-clock";
			productReference = F8610373247C6D5A00907724 /* ios-clock.app */;
			productType = "com.apple.product-type.application";
		};
/* End PBXNativeTarget section */

/* Begin PBXProject section */
		F861036B247C6D5A00907724 /* Project object */ = {
			isa = PBXProject;
			attributes = {
				LastSwiftUpdateCheck = 1140;
				LastUpgradeCheck = 1140;
				TargetAttributes = {
					F8610372247C6D5A00907724 = {
						CreatedOnToolsVersion = 11.4.1;
					};
				};
			};
			buildConfigurationList = F861036E247C6D5A00907724 /* Build configuration list for PBXProject "ios-clock" */;
			compatibilityVersion = "Xcode 9.3";
			developmentRegion = en;
			hasScannedForEncodings = 0;
			knownRegions = (
				en,
				Base,
			);
			mainGroup = F861036A247C6D5A00907724;
			productRefGroup = F8610374247C6D5A00907724 /* Products */;
			projectDirPath = "";
			projectRoot = "";
			targets = (
				F8610372247C6D5A00907724 /* ios-clock */,
			);
		};
/* End PBXProject section */

/* Begin PBXResourcesBuildPhase section */
		F8610371247C6D5A00907724 /* Resources */ = {
			isa = PBXResourcesBuildPhase;
			buildActionMask = 2147483647;
			files = (
				F8610383247C6D5C00907724 /* LaunchScreen.storyboard in Resources */,
				F8610380247C6D5C00907724 /* Assets.xcassets in Resources */,
				F861037E247C6D5A00907724 /* Main.storyboard in Resources */,
			);
			runOnlyForDeploymentPostprocessing = 0;
		};
/* End PBXResourcesBuildPhase section */

/* Begin PBXSourcesBuildPhase section */
		F861036F247C6D5A00907724 /* Sources */ = {
			isa = PBXSourcesBuildPhase;
			buildActionMask = 2147483647;
			files = (
				F861037B247C6D5A00907724 /* TabBarController.swift in Sources */,
				F8610377247C6D5A00907724 /* AppDelegate.swift in Sources */,
				F8610379247C6D5A00907724 /* SceneDelegate.swift in Sources */,
				F8E819EF247F276000410ED1 /* SelectTimezoneViewController.swift in Sources */,
			);
			runOnlyForDeploymentPostprocessing = 0;
		};
/* End PBXSourcesBuildPhase section */

/* Begin PBXVariantGroup section */
		F861037C247C6D5A00907724 /* Main.storyboard */ = {
			isa = PBXVariantGroup;
			children = (
				F861037D247C6D5A00907724 /* Base */,
			);
			name = Main.storyboard;
			sourceTree = "<group>";
		};
		F8610381247C6D5C00907724 /* LaunchScreen.storyboard */ = {
			isa = PBXVariantGroup;
			children = (
				F8610382247C6D5C00907724 /* Base */,
			);
			name = LaunchScreen.storyboard;
			sourceTree = "<group>";
		};
/* End PBXVariantGroup section */

/* Begin XCBuildConfiguration section */
		F8610385247C6D5C00907724 /* Debug */ = {
			isa = XCBuildConfiguration;
			buildSettings = {
				ALWAYS_SEARCH_USER_PATHS = NO;
				CLANG_ANALYZER_NONNULL = YES;
				CLANG_ANALYZER_NUMBER_OBJECT_CONVERSION = YES_AGGRESSIVE;
				CLANG_CXX_LANGUAGE_STANDARD = "gnu++14";
				CLANG_CXX_LIBRARY = "libc++";
				CLANG_ENABLE_MODULES = YES;
				CLANG_ENABLE_OBJC_ARC = YES;
				CLANG_ENABLE_OBJC_WEAK = YES;
				CLANG_WARN_BLOCK_CAPTURE_AUTORELEASING = YES;
				CLANG_WARN_BOOL_CONVERSION = YES;
				CLANG_WARN_COMMA = YES;
				CLANG_WARN_CONSTANT_CONVERSION = YES;
				CLANG_WARN_DEPRECATED_OBJC_IMPLEMENTATIONS = YES;
				CLANG_WARN_DIRECT_OBJC_ISA_USAGE = YES_ERROR;
				CLANG_WARN_DOCUMENTATION_COMMENTS = YES;
				CLANG_WARN_EMPTY_BODY = YES;
				CLANG_WARN_ENUM_CONVERSION = YES;
				CLANG_WARN_INFINITE_RECURSION = YES;
				CLANG_WARN_INT_CONVERSION = YES;
				CLANG_WARN_NON_LITERAL_NULL_CONVERSION = YES;
				CLANG_WARN_OBJC_IMPLICIT_RETAIN_SELF = YES;
				CLANG_WARN_OBJC_LITERAL_CONVERSION = YES;
				CLANG_WARN_OBJC_ROOT_CLASS = YES_ERROR;
				CLANG_WARN_RANGE_LOOP_ANALYSIS = YES;
				CLANG_WARN_STRICT_PROTOTYPES = YES;
				CLANG_WARN_SUSPICIOUS_MOVE = YES;
				CLANG_WARN_UNGUARDED_AVAILABILITY = YES_AGGRESSIVE;
				CLANG_WARN_UNREACHABLE_CODE = YES;
				CLANG_WARN__DUPLICATE_METHOD_MATCH = YES;
				COPY_PHASE_STRIP = NO;
				DEBUG_INFORMATION_FORMAT = dwarf;
				ENABLE_STRICT_OBJC_MSGSEND = YES;
				ENABLE_TESTABILITY = YES;
				GCC_C_LANGUAGE_STANDARD = gnu11;
				GCC_DYNAMIC_NO_PIC = NO;
				GCC_NO_COMMON_BLOCKS = YES;
				GCC_OPTIMIZATION_LEVEL = 0;
				GCC_PREPROCESSOR_DEFINITIONS = (
					"DEBUG=1",
					"$(inherited)",
				);
				GCC_WARN_64_TO_32_BIT_CONVERSION = YES;
				GCC_WARN_ABOUT_RETURN_TYPE = YES_ERROR;
				GCC_WARN_UNDECLARED_SELECTOR = YES;
				GCC_WARN_UNINITIALIZED_AUTOS = YES_AGGRESSIVE;
				GCC_WARN_UNUSED_FUNCTION = YES;
				GCC_WARN_UNUSED_VARIABLE = YES;
				IPHONEOS_DEPLOYMENT_TARGET = 13.4;
				MTL_ENABLE_DEBUG_INFO = INCLUDE_SOURCE;
				MTL_FAST_MATH = YES;
				ONLY_ACTIVE_ARCH = YES;
				SDKROOT = iphoneos;
				SWIFT_ACTIVE_COMPILATION_CONDITIONS = DEBUG;
				SWIFT_OPTIMIZATION_LEVEL = "-Onone";
			};
			name = Debug;
		};
		F8610386247C6D5C00907724 /* Release */ = {
			isa = XCBuildConfiguration;
			buildSettings = {
				ALWAYS_SEARCH_USER_PATHS = NO;
				CLANG_ANALYZER_NONNULL = YES;
				CLANG_ANALYZER_NUMBER_OBJECT_CONVERSION = YES_AGGRESSIVE;
				CLANG_CXX_LANGUAGE_STANDARD = "gnu++14";
				CLANG_CXX_LIBRARY = "libc++";
				CLANG_ENABLE_MODULES = YES;
				CLANG_ENABLE_OBJC_ARC = YES;
				CLANG_ENABLE_OBJC_WEAK = YES;
				CLANG_WARN_BLOCK_CAPTURE_AUTORELEASING = YES;
				CLANG_WARN_BOOL_CONVERSION = YES;
				CLANG_WARN_COMMA = YES;
				CLANG_WARN_CONSTANT_CONVERSION = YES;
				CLANG_WARN_DEPRECATED_OBJC_IMPLEMENTATIONS = YES;
				CLANG_WARN_DIRECT_OBJC_ISA_USAGE = YES_ERROR;
				CLANG_WARN_DOCUMENTATION_COMMENTS = YES;
				CLANG_WARN_EMPTY_BODY = YES;
				CLANG_WARN_ENUM_CONVERSION = YES;
				CLANG_WARN_INFINITE_RECURSION = YES;
				CLANG_WARN_INT_CONVERSION = YES;
				CLANG_WARN_NON_LITERAL_NULL_CONVERSION = YES;
				CLANG_WARN_OBJC_IMPLICIT_RETAIN_SELF = YES;
				CLANG_WARN_OBJC_LITERAL_CONVERSION = YES;
				CLANG_WARN_OBJC_ROOT_CLASS = YES_ERROR;
				CLANG_WARN_RANGE_LOOP_ANALYSIS = YES;
				CLANG_WARN_STRICT_PROTOTYPES = YES;
				CLANG_WARN_SUSPICIOUS_MOVE = YES;
				CLANG_WARN_UNGUARDED_AVAILABILITY = YES_AGGRESSIVE;
				CLANG_WARN_UNREACHABLE_CODE = YES;
				CLANG_WARN__DUPLICATE_METHOD_MATCH = YES;
				COPY_PHASE_STRIP = NO;
				DEBUG_INFORMATION_FORMAT = "dwarf-with-dsym";
				ENABLE_NS_ASSERTIONS = NO;
				ENABLE_STRICT_OBJC_MSGSEND = YES;
				GCC_C_LANGUAGE_STANDARD = gnu11;
				GCC_NO_COMMON_BLOCKS = YES;
				GCC_WARN_64_TO_32_BIT_CONVERSION = YES;
				GCC_WARN_ABOUT_RETURN_TYPE = YES_ERROR;
				GCC_WARN_UNDECLARED_SELECTOR = YES;
				GCC_WARN_UNINITIALIZED_AUTOS = YES_AGGRESSIVE;
				GCC_WARN_UNUSED_FUNCTION = YES;
				GCC_WARN_UNUSED_VARIABLE = YES;
				IPHONEOS_DEPLOYMENT_TARGET = 13.4;
				MTL_ENABLE_DEBUG_INFO = NO;
				MTL_FAST_MATH = YES;
				SDKROOT = iphoneos;
				SWIFT_COMPILATION_MODE = wholemodule;
				SWIFT_OPTIMIZATION_LEVEL = "-O";
				VALIDATE_PRODUCT = YES;
			};
			name = Release;
		};
		F8610388247C6D5C00907724 /* Debug */ = {
			isa = XCBuildConfiguration;
			buildSettings = {
				ASSETCATALOG_COMPILER_APPICON_NAME = AppIcon;
				CODE_SIGN_STYLE = Automatic;
				INFOPLIST_FILE = "ios-clock/Info.plist";
				LD_RUNPATH_SEARCH_PATHS = (
					"$(inherited)",
					"@executable_path/Frameworks",
				);
				PRODUCT_BUNDLE_IDENTIFIER = "ios.ios-clock";
				PRODUCT_NAME = "$(TARGET_NAME)";
				SWIFT_VERSION = 5.0;
				TARGETED_DEVICE_FAMILY = "1,2";
			};
			name = Debug;
		};
		F8610389247C6D5C00907724 /* Release */ = {
			isa = XCBuildConfiguration;
			buildSettings = {
				ASSETCATALOG_COMPILER_APPICON_NAME = AppIcon;
				CODE_SIGN_STYLE = Automatic;
				INFOPLIST_FILE = "ios-clock/Info.plist";
				LD_RUNPATH_SEARCH_PATHS = (
					"$(inherited)",
					"@executable_path/Frameworks",
				);
				PRODUCT_BUNDLE_IDENTIFIER = "ios.ios-clock";
				PRODUCT_NAME = "$(TARGET_NAME)";
				SWIFT_VERSION = 5.0;
				TARGETED_DEVICE_FAMILY = "1,2";
			};
			name = Release;
		};
/* End XCBuildConfiguration section */

/* Begin XCConfigurationList section */
		F861036E247C6D5A00907724 /* Build configuration list for PBXProject "ios-clock" */ = {
			isa = XCConfigurationList;
			buildConfigurations = (
				F8610385247C6D5C00907724 /* Debug */,
				F8610386247C6D5C00907724 /* Release */,
			);
			defaultConfigurationIsVisible = 0;
			defaultConfigurationName = Release;
		};
		F8610387247C6D5C00907724 /* Build configuration list for PBXNativeTarget "ios-clock" */ = {
			isa = XCConfigurationList;
			buildConfigurations = (
				F8610388247C6D5C00907724 /* Debug */,
				F8610389247C6D5C00907724 /* Release */,
			);
			defaultConfigurationIsVisible = 0;
			defaultConfigurationName = Release;
		};
/* End XCConfigurationList section */
	};
	rootObject = F861036B247C6D5A00907724 /* Project object */;
}
